{
  "object": {
    "pins": [
      {
        "package": "Alamofire",
        "repositoryURL": "https://github.com/Alamofire/Alamofire.git",
        "state": {
          "branch": "master",
          "revision": "e7e39079d7469e81966d2787431bf8979a2b0cc4",
          "version": null
        }
      },
      {
        "package": "Material",
        "repositoryURL": "https://github.com/CosmicMind/Material",
        "state": {
          "branch": "development",
          "revision": "ea59f7c4d72a4c3a3694042b05d4276e2ffd4e26",
          "version": null
        }
      },
      {
        "package": "MBProgressHUD",
        "repositoryURL": "https://github.com/jdg/MBProgressHUD.git",
        "state": {
          "branch": "master",
          "revision": "c843e4c86d320a11552898646effa8000042ab16",
          "version": null
        }
      },
      {
        "package": "Motion",
        "repositoryURL": "https://github.com/CosmicMind/Motion.git",
        "state": {
          "branch": null,
          "revision": "808ac0cf1b67c5e4163ee867dd6c056836fcbc58",
          "version": "3.1.3"
        }
      },
      {
        "package": "SwiftyJSON",
        "repositoryURL": "https://github.com/SwiftyJSON/SwiftyJSON.git",
        "state": {
          "branch": "master",
          "revision": "b3dcd7dbd0d488e1a7077cb33b00f2083e382f07",
          "version": null
        }
      }
    ]
  },
  "version": 1
}
